version = 1
revision = 3
requires-python = "==3.12.*"

[[package]]
name = "docx-render-prototype"
version = "0.0.0"
source = { virtual = "." }
dependencies = [
    { name = "docxtpl" },
]

[package.metadata]
requires-dist = [{ name = "docxtpl", specifier = "==0.20.2" }]

[[package]]
name = "docxtpl"
version = "0.20.2"
source = { registry = "https://pypi.org/simple" }
dependencies = [
    { name = "jinja2" },
    { name = "lxml" },
    { name = "python-docx" },
]
sdist = { url = "https://files.pythonhosted.org/packages/b2/b4/4435f3fcb1357ec441079c4af1dda3ea926fad6dcead4aed2d93b369944e/docxtpl-0.20.2.tar.gz", hash = "sha256:eddf3350d70b4d123208e801d585bcb313d21044a377a14f75a66d0965841de1", size = 17890, upload-time = "2025-11-13T12:47:15.943Z" }
wheels = [
    { url = "https://files.pythonhosted.org/packages/a4/ad/e07939d8e020e513d3860400413ba1e0e06102c469639b440d921337efef/docxtpl-0.20.2-py3-none-any.whl", hash = "sha256:626d5c570a46a62b2ca73b4d08f1c240fa031a5bc45371e1466a4fe184923d10", size = 17881, upload-time = "2025-11-13T12:47:13.704Z" },
]

[[package]]
name = "jinja2"
version = "3.1.6"
source = { registry = "https://pypi.org/simple" }
dependencies = [
    { name = "markupsafe" },
]
sdist = { url = "https://files.pythonhosted.org/packages/df/bf/f7da0350254c0ed7c72f3e33cef02e048281fec7ecec5f032d4aac52226b/jinja2-3.1.6.tar.gz", hash = "sha256:0137fb05990d35f1275a587e9aee6d56da821fc83491a0fb838183be43f66d6d", size = 245115, upload-time = "2025-03-05T20:05:02.478Z" }
wheels = [
    { url = "https://files.pythonhosted.org/packages/62/a1/3d680cbfd5f4b8f15abc1d571870c5fc3e594bb582bc3b64ea099db13e56/jinja2-3.1.6-py3-none-any.whl", hash = "sha256:85ece4451f492d0c13c5dd7c13a64681a86afae63a5f347908daf103ce6d2f67", size = 134899, upload-time = "2025-03-05T20:05:00.369Z" },
]

[[package]]
name = "lxml"
version = "6.1.1"
source = { registry = "https://pypi.org/simple" }
sdist = { url = "https://files.pythonhosted.org/packages/05/3b/aab6728cae887456f409b4d75e8a01856e4f04bd510de38052a47768b680/lxml-6.1.1.tar.gz", hash = "sha256:ba96ae44888e0185281e937633a743ea90d5a196c6000f82565ebb0580012d40", size = 4197430, upload-time = "2026-05-18T19:19:06.424Z" }
wheels = [
    { url = "https://files.pythonhosted.org/packages/6a/6e/c4add832b6fc1e887125b96f880d7b9b70aae5248718e046b1704bcac4b9/lxml-6.1.1-cp312-cp312-macosx_10_13_universal2.whl", hash = "sha256:104c09bda8d2a562824c0e319d0768ce26a779b7601e0931d33b09b53c392ef7", size = 8570821, upload-time = "2026-05-18T19:17:42.068Z" },
    { url = "https://files.pythonhosted.org/packages/22/00/ff3009c88e65de8011630acf8ab5a09cb2becd2aaf47fba2f3449f6224e9/lxml-6.1.1-cp312-cp312-macosx_10_13_x86_64.whl", hash = "sha256:25c6997a9a534e016695a0ba06b2f07945de682731ff01065b6d5a4474179da1", size = 4624252, upload-time = "2026-05-18T19:17:47.897Z" },
    { url = "https://files.pythonhosted.org/packages/42/95/bb63f0fd62e554fe078e1fb3c8fe9083c14ddc7ad7fa178d10e57e071ac7/lxml-6.1.1-cp312-cp312-manylinux2014_aarch64.manylinux_2_17_aarch64.whl", hash = "sha256:c921ba5c51e4e9f63b8b00267d06566e1f63407408a0496da2d1d0bfc819c7fc", size = 4930746, upload-time = "2026-05-18T19:18:29.637Z" },
    { url = "https://files.pythonhosted.org/packages/eb/99/0013e8d9b5960f4f041cf0b73e2f80c23eb5205b1f7bfb20203243651359/lxml-6.1.1-cp312-cp312-manylinux2014_x86_64.manylinux_2_17_x86_64.whl", hash = "sha256:54a7f95e4de5fb94e2f9f4b9055c6ba33bf3d628fd77a1d647c5923caa2cdcdc", size = 5093723, upload-time = "2026-05-18T19:18:34.168Z" },
    { url = "https://files.pythonhosted.org/packages/29/91/317b332636bfc7bddcff828d41b3307f50043f4b237e40849c333d80fa1a/lxml-6.1.1-cp312-cp312-manylinux_2_26_aarch64.manylinux_2_28_aarch64.whl", hash = "sha256:96f2ec43df44b1f76249ee0a615334f9b5b060e1c8bd90e706dad2d14d02f383", size = 5005557, upload-time = "2026-05-18T19:18:39.798Z" },
    { url = "https://files.pythonhosted.org/packages/42/2f/cc9bf06afe70f9c9093ae60855d9759da9db601ec4080f7473319666ffd7/lxml-6.1.1-cp312-cp312-manylinux_2_26_ppc64le.manylinux_2_28_ppc64le.whl", hash = "sha256:70ef8a7e102a1508f8121aae5b0867abd663f72c14f0a9c937e6554cb4587b7b", size = 5631036, upload-time = "2026-05-18T19:18:44.858Z" },
    { url = "https://files.pythonhosted.org/packages/08/f6/af32e23e563971ffb0fb86be52bc5be5c2c118858ffc119bf6a9039b173d/lxml-6.1.1-cp312-cp312-manylinux_2_26_x86_64.manylinux_2_28_x86_64.whl", hash = "sha256:ebe6af670449830d6d9b752c256a983291c766a1365ba5d5460048f9e33a7818", size = 5240367, upload-time = "2026-05-18T19:18:49.217Z" },
    { url = "https://files.pythonhosted.org/packages/78/83/8555d40948b09ce86f1bd0c68a7ac31d07b1929f92cc1b074006c97ef2d2/lxml-6.1.1-cp312-cp312-manylinux_2_28_i686.whl", hash = "sha256:27acc820660aaffa4f7c087f29120e12980f7779d56d8492d263170111284740", size = 5350171, upload-time = "2026-05-18T19:18:52.779Z" },
    { url = "https://files.pythonhosted.org/packages/63/75/5d92da93729b7bad783689e6496049fa40927b45bec7bf183c981de3ca70/lxml-6.1.1-cp312-cp312-manylinux_2_31_armv7l.whl", hash = "sha256:1db753c9115ec7100d073b744d17e25e88a8f90f5c39b2f5dd878149af59671f", size = 4694874, upload-time = "2026-05-18T19:18:55.139Z" },
    { url = "https://files.pythonhosted.org/packages/c5/b5/3aad415a9a25b822e783f15deeb4dffccf5113030f1afa2222dd929313d9/lxml-6.1.1-cp312-cp312-manylinux_2_38_riscv64.manylinux_2_39_riscv64.whl", hash = "sha256:c4f469aebd783bb741c2ecb2a681008fd26bfe5c16a9a72ed5467f834e810df2", size = 5244492, upload-time = "2026-05-18T19:19:01.28Z" },
    { url = "https://files.pythonhosted.org/packages/f1/a1/5fcf7eb9904b80086aa47dcf0027de07b1bb990afad2e6823144c368ae04/lxml-6.1.1-cp312-cp312-musllinux_1_2_aarch64.whl", hash = "sha256:766b010012d59470072c1816b5b6c69f1d243e5db36ea5968e94accf430a4635", size = 5048232, upload-time = "2026-05-18T19:18:12.67Z" },
    { url = "https://files.pythonhosted.org/packages/77/74/1f601b63c7a69fcdf10fa9b148c81da8442204194f6c55509cc485c786b9/lxml-6.1.1-cp312-cp312-musllinux_1_2_armv7l.whl", hash = "sha256:b8d812c6011c08b8111a15e54dd990b8923692d80adf35488bee34026c35accf", size = 4777023, upload-time = "2026-05-18T19:18:15.928Z" },
    { url = "https://files.pythonhosted.org/packages/a2/b9/7a78f51aec95b1bf780d78e12705a9f6533284f8693dc5c0e6724fa53d3f/lxml-6.1.1-cp312-cp312-musllinux_1_2_ppc64le.whl", hash = "sha256:fe0306bd29505a9177aac19f1877174b0e7422c222a59f70b2cd41633448c3dc", size = 5645773, upload-time = "2026-05-18T19:18:23.223Z" },
    { url = "https://files.pythonhosted.org/packages/a5/6e/98a7b7ad54e4e74fa1f20fff776913980619d0ebe5558232d7da6580bdd8/lxml-6.1.1-cp312-cp312-musllinux_1_2_riscv64.whl", hash = "sha256:5ba186ad207446c65d3bb3d3e0412b032b1d9f595e59861e2354798c5703d955", size = 5233088, upload-time = "2026-05-18T19:18:31.433Z" },
    { url = "https://files.pythonhosted.org/packages/65/d1/bc0ed2427bf609f2ee10da303a6a226f9c8bce94f945dc29a32ce55de6e4/lxml-6.1.1-cp312-cp312-musllinux_1_2_x86_64.whl", hash = "sha256:aa366a1e55b8ebfe8ca8ddc3cfe75c8ebade181aeb0f661d0cb05986b647f72a", size = 5260995, upload-time = "2026-05-18T19:18:37.091Z" },
    { url = "https://files.pythonhosted.org/packages/69/8b/6772e1a4b513fc50a8d931f19edde0e13ae6918510a1e13ff67864f3e5ed/lxml-6.1.1-cp312-cp312-win32.whl", hash = "sha256:126c93f7f56f0eda92f6d8c619edc463a4f23d9252f1c9d0405a76f25fa9f11a", size = 3596382, upload-time = "2026-05-18T19:17:18.37Z" },
    { url = "https://files.pythonhosted.org/packages/1b/89/45198e9624762af2dfd2cb8782598477ceb29f6e59caab560388ae1f4ec1/lxml-6.1.1-cp312-cp312-win_amd64.whl", hash = "sha256:26e6eda8d38c1fcab1090dd196ee87cbd13788e531937610e2589085de074e77", size = 3997255, upload-time = "2026-05-18T19:17:56.781Z" },
    { url = "https://files.pythonhosted.org/packages/90/a9/7a54b6834088d9ae528a7b780584ba6a39a9457b0ac330479f20ffbc9449/lxml-6.1.1-cp312-cp312-win_arm64.whl", hash = "sha256:6540377fbd53fe1b629172288c464fb18db11ce1fa7dc15891da10aa9dcc3e7f", size = 3659610, upload-time = "2026-05-19T19:22:50.843Z" },
]

[[package]]
name = "markupsafe"
version = "3.0.3"
source = { registry = "https://pypi.org/simple" }
sdist = { url = "https://files.pythonhosted.org/packages/7e/99/7690b6d4034fffd95959cbe0c02de8deb3098cc577c67bb6a24fe5d7caa7/markupsafe-3.0.3.tar.gz", hash = "sha256:722695808f4b6457b320fdc131280796bdceb04ab50fe1795cd540799ebe1698", size = 80313, upload-time = "2025-09-27T18:37:40.426Z" }
wheels = [
    { url = "https://files.pythonhosted.org/packages/5a/72/147da192e38635ada20e0a2e1a51cf8823d2119ce8883f7053879c2199b5/markupsafe-3.0.3-cp312-cp312-macosx_10_13_x86_64.whl", hash = "sha256:d53197da72cc091b024dd97249dfc7794d6a56530370992a5e1a08983ad9230e", size = 11615, upload-time = "2025-09-27T18:36:30.854Z" },
    { url = "https://files.pythonhosted.org/packages/9a/81/7e4e08678a1f98521201c3079f77db69fb552acd56067661f8c2f534a718/markupsafe-3.0.3-cp312-cp312-macosx_11_0_arm64.whl", hash = "sha256:1872df69a4de6aead3491198eaf13810b565bdbeec3ae2dc8780f14458ec73ce", size = 12020, upload-time = "2025-09-27T18:36:31.971Z" },
    { url = "https://files.pythonhosted.org/packages/1e/2c/799f4742efc39633a1b54a92eec4082e4f815314869865d876824c257c1e/markupsafe-3.0.3-cp312-cp312-manylinux2014_aarch64.manylinux_2_17_aarch64.manylinux_2_28_aarch64.whl", hash = "sha256:3a7e8ae81ae39e62a41ec302f972ba6ae23a5c5396c8e60113e9066ef893da0d", size = 24332, upload-time = "2025-09-27T18:36:32.813Z" },
    { url = "https://files.pythonhosted.org/packages/3c/2e/8d0c2ab90a8c1d9a24f0399058ab8519a3279d1bd4289511d74e909f060e/markupsafe-3.0.3-cp312-cp312-manylinux2014_x86_64.manylinux_2_17_x86_64.manylinux_2_28_x86_64.whl", hash = "sha256:d6dd0be5b5b189d31db7cda48b91d7e0a9795f31430b7f271219ab30f1d3ac9d", size = 22947, upload-time = "2025-09-27T18:36:33.86Z" },
    { url = "https://files.pythonhosted.org/packages/2c/54/887f3092a85238093a0b2154bd629c89444f395618842e8b0c41783898ea/markupsafe-3.0.3-cp312-cp312-manylinux_2_31_riscv64.manylinux_2_39_riscv64.whl", hash = "sha256:94c6f0bb423f739146aec64595853541634bde58b2135f27f61c1ffd1cd4d16a", size = 21962, upload-time = "2025-09-27T18:36:35.099Z" },
    { url = "https://files.pythonhosted.org/packages/c9/2f/336b8c7b6f4a4d95e91119dc8521402461b74a485558d8f238a68312f11c/markupsafe-3.0.3-cp312-cp312-musllinux_1_2_aarch64.whl", hash = "sha256:be8813b57049a7dc738189df53d69395eba14fb99345e0a5994914a3864c8a4b", size = 23760, upload-time = "2025-09-27T18:36:36.001Z" },
    { url = "https://files.pythonhosted.org/packages/32/43/67935f2b7e4982ffb50a4d169b724d74b62a3964bc1a9a527f5ac4f1ee2b/markupsafe-3.0.3-cp312-cp312-musllinux_1_2_riscv64.whl", hash = "sha256:83891d0e9fb81a825d9a6d61e3f07550ca70a076484292a70fde82c4b807286f", size = 21529, upload-time = "2025-09-27T18:36:36.906Z" },
    { url = "https://files.pythonhosted.org/packages/89/e0/4486f11e51bbba8b0c041098859e869e304d1c261e59244baa3d295d47b7/markupsafe-3.0.3-cp312-cp312-musllinux_1_2_x86_64.whl", hash = "sha256:77f0643abe7495da77fb436f50f8dab76dbc6e5fd25d39589a0f1fe6548bfa2b", size = 23015, upload-time = "2025-09-27T18:36:37.868Z" },
    { url = "https://files.pythonhosted.org/packages/2f/e1/78ee7a023dac597a5825441ebd17170785a9dab23de95d2c7508ade94e0e/markupsafe-3.0.3-cp312-cp312-win32.whl", hash = "sha256:d88b440e37a16e651bda4c7c2b930eb586fd15ca7406cb39e211fcff3bf3017d", size = 14540, upload-time = "2025-09-27T18:36:38.761Z" },
    { url = "https://files.pythonhosted.org/packages/aa/5b/bec5aa9bbbb2c946ca2733ef9c4ca91c91b6a24580193e891b5f7dbe8e1e/markupsafe-3.0.3-cp312-cp312-win_amd64.whl", hash = "sha256:26a5784ded40c9e318cfc2bdb30fe164bdb8665ded9cd64d500a34fb42067b1c", size = 15105, upload-time = "2025-09-27T18:36:39.701Z" },
    { url = "https://files.pythonhosted.org/packages/e5/f1/216fc1bbfd74011693a4fd837e7026152e89c4bcf3e77b6692fba9923123/markupsafe-3.0.3-cp312-cp312-win_arm64.whl", hash = "sha256:35add3b638a5d900e807944a078b51922212fb3dedb01633a8defc4b01a3c85f", size = 13906, upload-time = "2025-09-27T18:36:40.689Z" },
]

[[package]]
name = "python-docx"
version = "1.2.0"
source = { registry = "https://pypi.org/simple" }
dependencies = [
    { name = "lxml" },
    { name = "typing-extensions" },
]
sdist = { url = "https://files.pythonhosted.org/packages/a9/f7/eddfe33871520adab45aaa1a71f0402a2252050c14c7e3009446c8f4701c/python_docx-1.2.0.tar.gz", hash = "sha256:7bc9d7b7d8a69c9c02ca09216118c86552704edc23bac179283f2e38f86220ce", size = 5723256, upload-time = "2025-06-16T20:46:27.921Z" }
wheels = [
    { url = "https://files.pythonhosted.org/packages/d0/00/1e03a4989fa5795da308cd774f05b704ace555a70f9bf9d3be057b680bcf/python_docx-1.2.0-py3-none-any.whl", hash = "sha256:3fd478f3250fbbbfd3b94fe1e985955737c145627498896a8a6bf81f4baf66c7", size = 252987, upload-time = "2025-06-16T20:46:22.506Z" },
]

[[package]]
name = "typing-extensions"
version = "4.16.0"
source = { registry = "https://pypi.org/simple" }
sdist = { url = "https://files.pythonhosted.org/packages/f6/cc/6253133b5bb138fc3306cebfbda2c520f545d36b5be2c7255cc528bb45d6/typing_extensions-4.16.0.tar.gz", hash = "sha256:dc983d19a509c94dba722ee6abd33940f7c05a89e243c47e907eb4db6f1a43e5", size = 113555, upload-time = "2026-07-02T08:40:05.92Z" }
wheels = [
    { url = "https://files.pythonhosted.org/packages/49/d3/b8441a820a491ddfc024b0b0cf0393375b75ea13866d9c66727e54c2fc80/typing_extensions-4.16.0-py3-none-any.whl", hash = "sha256:481caa481374e813c1b176ada14e97f1f67a4539ce9cfeb3f350d78d6370c2e8", size = 45571, upload-time = "2026-07-02T08:40:04.659Z" },
]
